<Solution>
    <Project
            Path="src/TastenTiger.Analyzers.Class.SealedByDefault.Sample/TastenTiger.Analyzers.Class.SealedByDefault.Sample.csproj"/>
    <Project
            Path="src/TastenTiger.Analyzers.Class.SealedByDefault.Tests/TastenTiger.Analyzers.Class.SealedByDefault.Tests.csproj"/>
    <Project Path="src/TastenTiger.Analyzers.Class.SealedByDefault/TastenTiger.Analyzers.Class.SealedByDefault.csproj"/>
</Solution>
